
Microsoft Visual Studio Solution File, Format Version 12.00
Project("{FAE04EC0-301F-11D3-BF4B-00C04F79EFBC}") = "Static", "Static\Static.csproj", "{E9C60A27-0C31-44C9-ABC7-1E0546711A71}"
EndProject
Project("{FAE04EC0-301F-11D3-BF4B-00C04F79EFBC}") = "StaticFields_Properties_Constructors", "StaticFields_Properties_Constructors\StaticFields_Properties_Constructors.csproj", "{6B9F59D0-68CC-4EEA-A6EE-E3CA8007BF8F}"
EndProject
Project("{FAE04EC0-301F-11D3-BF4B-00C04F79EFBC}") = "SingleResponsibilityPrinciple", "SingleResponsibilityPrinciple\SingleResponsibilityPrinciple.csproj", "{C8F08688-68CD-4679-9EBD-6900FEC94FE9}"
EndProject
Project("{FAE04EC0-301F-11D3-BF4B-00C04F79EFBC}") = "FilesAndNamespace", "FilesAndNamespace\FilesAndNamespace.csproj", "{C5D7D784-7A02-463B-81DA-BFE5B795184D}"
EndProject
Project("{FAE04EC0-301F-11D3-BF4B-00C04F79EFBC}") = "GlobalUsing", "GlobalUsing\GlobalUsing.csproj", "{FCC19303-945C-42BA-A529-55291027AAD7}"
EndProject
Project("{FAE04EC0-301F-11D3-BF4B-00C04F79EFBC}") = "DiceRollGame", "DiceRollGame\DiceRollGame.csproj", "{5338CC57-9C4C-4F41-B458-76F5D63D86F3}"
EndProject
Project("{FAE04EC0-301F-11D3-BF4B-00C04F79EFBC}") = "DiceRollGameReview", "DiceRollGameReview\DiceRollGameReview.csproj", "{4A20EEBC-747C-4B56-8A06-1678B7B78324}"
EndProject
Global
	GlobalSection(SolutionConfigurationPlatforms) = preSolution
		Debug|Any CPU = Debug|Any CPU
		Release|Any CPU = Release|Any CPU
	EndGlobalSection
	GlobalSection(ProjectConfigurationPlatforms) = postSolution
		{E9C60A27-0C31-44C9-ABC7-1E0546711A71}.Debug|Any CPU.ActiveCfg = Debug|Any CPU
		{E9C60A27-0C31-44C9-ABC7-1E0546711A71}.Debug|Any CPU.Build.0 = Debug|Any CPU
		{E9C60A27-0C31-44C9-ABC7-1E0546711A71}.Release|Any CPU.ActiveCfg = Release|Any CPU
		{E9C60A27-0C31-44C9-ABC7-1E0546711A71}.Release|Any CPU.Build.0 = Release|Any CPU
		{6B9F59D0-68CC-4EEA-A6EE-E3CA8007BF8F}.Debug|Any CPU.ActiveCfg = Debug|Any CPU
		{6B9F59D0-68CC-4EEA-A6EE-E3CA8007BF8F}.Debug|Any CPU.Build.0 = Debug|Any CPU
		{6B9F59D0-68CC-4EEA-A6EE-E3CA8007BF8F}.Release|Any CPU.ActiveCfg = Release|Any CPU
		{6B9F59D0-68CC-4EEA-A6EE-E3CA8007BF8F}.Release|Any CPU.Build.0 = Release|Any CPU
		{C8F08688-68CD-4679-9EBD-6900FEC94FE9}.Debug|Any CPU.ActiveCfg = Debug|Any CPU
		{C8F08688-68CD-4679-9EBD-6900FEC94FE9}.Debug|Any CPU.Build.0 = Debug|Any CPU
		{C8F08688-68CD-4679-9EBD-6900FEC94FE9}.Release|Any CPU.ActiveCfg = Release|Any CPU
		{C8F08688-68CD-4679-9EBD-6900FEC94FE9}.Release|Any CPU.Build.0 = Release|Any CPU
		{C5D7D784-7A02-463B-81DA-BFE5B795184D}.Debug|Any CPU.ActiveCfg = Debug|Any CPU
		{C5D7D784-7A02-463B-81DA-BFE5B795184D}.Debug|Any CPU.Build.0 = Debug|Any CPU
		{C5D7D784-7A02-463B-81DA-BFE5B795184D}.Release|Any CPU.ActiveCfg = Release|Any CPU
		{C5D7D784-7A02-463B-81DA-BFE5B795184D}.Release|Any CPU.Build.0 = Release|Any CPU
		{FCC19303-945C-42BA-A529-55291027AAD7}.Debug|Any CPU.ActiveCfg = Debug|Any CPU
		{FCC19303-945C-42BA-A529-55291027AAD7}.Debug|Any CPU.Build.0 = Debug|Any CPU
		{FCC19303-945C-42BA-A529-55291027AAD7}.Release|Any CPU.ActiveCfg = Release|Any CPU
		{FCC19303-945C-42BA-A529-55291027AAD7}.Release|Any CPU.Build.0 = Release|Any CPU
		{5338CC57-9C4C-4F41-B458-76F5D63D86F3}.Debug|Any CPU.ActiveCfg = Debug|Any CPU
		{5338CC57-9C4C-4F41-B458-76F5D63D86F3}.Debug|Any CPU.Build.0 = Debug|Any CPU
		{5338CC57-9C4C-4F41-B458-76F5D63D86F3}.Release|Any CPU.ActiveCfg = Release|Any CPU
		{5338CC57-9C4C-4F41-B458-76F5D63D86F3}.Release|Any CPU.Build.0 = Release|Any CPU
		{4A20EEBC-747C-4B56-8A06-1678B7B78324}.Debug|Any CPU.ActiveCfg = Debug|Any CPU
		{4A20EEBC-747C-4B56-8A06-1678B7B78324}.Debug|Any CPU.Build.0 = Debug|Any CPU
		{4A20EEBC-747C-4B56-8A06-1678B7B78324}.Release|Any CPU.ActiveCfg = Release|Any CPU
		{4A20EEBC-747C-4B56-8A06-1678B7B78324}.Release|Any CPU.Build.0 = Release|Any CPU
	EndGlobalSection
EndGlobal
